
Microsoft Visual Studio Solution File, Format Version 12.00
# Visual Studio Version 16
VisualStudioVersion = 16.0.31321.278
MinimumVisualStudioVersion = 10.0.40219.1
Project("{FAE04EC0-301F-11D3-BF4B-00C04F79EFBC}") = "MyDependency demo", "MyDependency demo\MyDependency demo.csproj", "{F4E7C10A-6807-4D2C-9B06-9818B7C2DC7A}"
EndProject
Global
	GlobalSection(SolutionConfigurationPlatforms) = preSolution
		Debug|Any CPU = Debug|Any CPU
		Release|Any CPU = Release|Any CPU
	EndGlobalSection
	GlobalSection(ProjectConfigurationPlatforms) = postSolution
		{F4E7C10A-6807-4D2C-9B06-9818B7C2DC7A}.Debug|Any CPU.ActiveCfg = Debug|Any CPU
		{F4E7C10A-6807-4D2C-9B06-9818B7C2DC7A}.Debug|Any CPU.Build.0 = Debug|Any CPU
		{F4E7C10A-6807-4D2C-9B06-9818B7C2DC7A}.Release|Any CPU.ActiveCfg = Release|Any CPU
		{F4E7C10A-6807-4D2C-9B06-9818B7C2DC7A}.Release|Any CPU.Build.0 = Release|Any CPU
	EndGlobalSection
	GlobalSection(SolutionProperties) = preSolution
		HideSolutionNode = FALSE
	EndGlobalSection
	GlobalSection(ExtensibilityGlobals) = postSolution
		SolutionGuid = {168CF11C-339F-4D2E-BBAD-A36096D93600}
	EndGlobalSection
EndGlobal
